
Microsoft Visual Studio Solution File, Format Version 12.00
# Visual Studio Version 17
VisualStudioVersion = 17.3.32929.385
MinimumVisualStudioVersion = 10.0.40219.1
Project("{9A19103F-16F7-4668-BE54-9A1E7A4F7556}") = "BlazorNetwalk", "BlazorNetwalk\BlazorNetwalk.csproj", "{BC20F166-0FDB-4873-A863-09CC3426917D}"
EndProject
Project("{FAE04EC0-301F-11D3-BF4B-00C04F79EFBC}") = "Tests", "Tests\Tests.csproj", "{25A7B1AA-9635-42B5-BB53-9ED905FF0922}"
EndProject
Project("{FAE04EC0-301F-11D3-BF4B-00C04F79EFBC}") = "NetwalkLogic", "NetwalkLogic\NetwalkLogic.csproj", "{520EC9C7-0EC8-4BD4-AAF0-12DC15380563}"
EndProject
Global
	GlobalSection(SolutionConfigurationPlatforms) = preSolution
		Debug|Any CPU = Debug|Any CPU
		Release|Any CPU = Release|Any CPU
	EndGlobalSection
	GlobalSection(ProjectConfigurationPlatforms) = postSolution
		{BC20F166-0FDB-4873-A863-09CC3426917D}.Debug|Any CPU.ActiveCfg = Debug|Any CPU
		{BC20F166-0FDB-4873-A863-09CC3426917D}.Debug|Any CPU.Build.0 = Debug|Any CPU
		{BC20F166-0FDB-4873-A863-09CC3426917D}.Release|Any CPU.ActiveCfg = Release|Any CPU
		{BC20F166-0FDB-4873-A863-09CC3426917D}.Release|Any CPU.Build.0 = Release|Any CPU
		{25A7B1AA-9635-42B5-BB53-9ED905FF0922}.Debug|Any CPU.ActiveCfg = Debug|Any CPU
		{25A7B1AA-9635-42B5-BB53-9ED905FF0922}.Debug|Any CPU.Build.0 = Debug|Any CPU
		{25A7B1AA-9635-42B5-BB53-9ED905FF0922}.Release|Any CPU.ActiveCfg = Release|Any CPU
		{25A7B1AA-9635-42B5-BB53-9ED905FF0922}.Release|Any CPU.Build.0 = Release|Any CPU
		{520EC9C7-0EC8-4BD4-AAF0-12DC15380563}.Debug|Any CPU.ActiveCfg = Debug|Any CPU
		{520EC9C7-0EC8-4BD4-AAF0-12DC15380563}.Debug|Any CPU.Build.0 = Debug|Any CPU
		{520EC9C7-0EC8-4BD4-AAF0-12DC15380563}.Release|Any CPU.ActiveCfg = Release|Any CPU
		{520EC9C7-0EC8-4BD4-AAF0-12DC15380563}.Release|Any CPU.Build.0 = Release|Any CPU
	EndGlobalSection
	GlobalSection(SolutionProperties) = preSolution
		HideSolutionNode = FALSE
	EndGlobalSection
	GlobalSection(ExtensibilityGlobals) = postSolution
		SolutionGuid = {674BE391-C7B8-425F-BB06-27689EF23A0B}
	EndGlobalSection
EndGlobal
